
Microsoft Visual Studio Solution File, Format Version 12.00
# Visual Studio 14
VisualStudioVersion = 14.0.22823.1
MinimumVisualStudioVersion = 10.0.40219.1
Project("{FAE04EC0-301F-11D3-BF4B-00C04F79EFBC}") = "Track Video Watching", "Track Video Watching\Track Video Watching.csproj", "{CE6555D5-B144-4C7B-8BDC-EBDBEB3B7845}"
EndProject
Global
	GlobalSection(SolutionConfigurationPlatforms) = preSolution
		Debug|Any CPU = Debug|Any CPU
		Release|Any CPU = Release|Any CPU
	EndGlobalSection
	GlobalSection(ProjectConfigurationPlatforms) = postSolution
		{CE6555D5-B144-4C7B-8BDC-EBDBEB3B7845}.Debug|Any CPU.ActiveCfg = Debug|Any CPU
		{CE6555D5-B144-4C7B-8BDC-EBDBEB3B7845}.Debug|Any CPU.Build.0 = Debug|Any CPU
		{CE6555D5-B144-4C7B-8BDC-EBDBEB3B7845}.Release|Any CPU.ActiveCfg = Release|Any CPU
		{CE6555D5-B144-4C7B-8BDC-EBDBEB3B7845}.Release|Any CPU.Build.0 = Release|Any CPU
	EndGlobalSection
	GlobalSection(SolutionProperties) = preSolution
		HideSolutionNode = FALSE
	EndGlobalSection
EndGlobal
